
Microsoft Visual Studio Solution File, Format Version 12.00
# Visual Studio Version 17
VisualStudioVersion = 17.2.32519.379
MinimumVisualStudioVersion = 10.0.40219.1
Project("{9A19103F-16F7-4668-BE54-9A1E7A4F7556}") = "C8c.Gallery.ConnectivityTest", "C8c.Gallery.ConnectivityTest\C8c.Gallery.ConnectivityTest.csproj", "{BC8EB4AE-2038-4DC6-B119-FC9288063B5F}"
EndProject
Global
	GlobalSection(SolutionConfigurationPlatforms) = preSolution
		Debug|Any CPU = Debug|Any CPU
		Release|Any CPU = Release|Any CPU
	EndGlobalSection
	GlobalSection(ProjectConfigurationPlatforms) = postSolution
		{BC8EB4AE-2038-4DC6-B119-FC9288063B5F}.Debug|Any CPU.ActiveCfg = Debug|Any CPU
		{BC8EB4AE-2038-4DC6-B119-FC9288063B5F}.Debug|Any CPU.Build.0 = Debug|Any CPU
		{BC8EB4AE-2038-4DC6-B119-FC9288063B5F}.Release|Any CPU.ActiveCfg = Release|Any CPU
		{BC8EB4AE-2038-4DC6-B119-FC9288063B5F}.Release|Any CPU.Build.0 = Release|Any CPU
	EndGlobalSection
	GlobalSection(SolutionProperties) = preSolution
		HideSolutionNode = FALSE
	EndGlobalSection
	GlobalSection(ExtensibilityGlobals) = postSolution
		SolutionGuid = {5A086BD1-A851-4EAA-BFD4-1D9435A6751C}
	EndGlobalSection
EndGlobal
